
Microsoft Visual Studio Solution File, Format Version 12.00
# Visual Studio Version 17
VisualStudioVersion = 17.7.34202.233
MinimumVisualStudioVersion = 10.0.40219.1
Project("{FAE04EC0-301F-11D3-BF4B-00C04F79EFBC}") = "PL", "PL\PL.csproj", "{23EB5E09-4F01-40D1-BFD1-257236CB2420}"
EndProject
Project("{FAE04EC0-301F-11D3-BF4B-00C04F79EFBC}") = "ML", "ML\ML.csproj", "{B02CC843-C552-4FB8-B602-EC954336BF3D}"
EndProject
Project("{FAE04EC0-301F-11D3-BF4B-00C04F79EFBC}") = "_BL", "_BL\_BL.csproj", "{72302E27-76EF-45EA-A449-E0D36FE1B257}"
EndProject
Project("{FAE04EC0-301F-11D3-BF4B-00C04F79EFBC}") = "_DL", "_DL\_DL.csproj", "{D3A890D0-0B90-4E67-A075-215FAAFDA9A5}"
EndProject
Project("{FAE04EC0-301F-11D3-BF4B-00C04F79EFBC}") = "MVC_ToDoList", "MVC_ToDoList\MVC_ToDoList.csproj", "{064CC2B7-27BD-49EF-8D4D-E267D6672FF6}"
EndProject
Global
	GlobalSection(SolutionConfigurationPlatforms) = preSolution
		Debug|Any CPU = Debug|Any CPU
		Release|Any CPU = Release|Any CPU
	EndGlobalSection
	GlobalSection(ProjectConfigurationPlatforms) = postSolution
		{23EB5E09-4F01-40D1-BFD1-257236CB2420}.Debug|Any CPU.ActiveCfg = Debug|Any CPU
		{23EB5E09-4F01-40D1-BFD1-257236CB2420}.Debug|Any CPU.Build.0 = Debug|Any CPU
		{23EB5E09-4F01-40D1-BFD1-257236CB2420}.Release|Any CPU.ActiveCfg = Release|Any CPU
		{23EB5E09-4F01-40D1-BFD1-257236CB2420}.Release|Any CPU.Build.0 = Release|Any CPU
		{B02CC843-C552-4FB8-B602-EC954336BF3D}.Debug|Any CPU.ActiveCfg = Debug|Any CPU
		{B02CC843-C552-4FB8-B602-EC954336BF3D}.Debug|Any CPU.Build.0 = Debug|Any CPU
		{B02CC843-C552-4FB8-B602-EC954336BF3D}.Release|Any CPU.ActiveCfg = Release|Any CPU
		{B02CC843-C552-4FB8-B602-EC954336BF3D}.Release|Any CPU.Build.0 = Release|Any CPU
		{72302E27-76EF-45EA-A449-E0D36FE1B257}.Debug|Any CPU.ActiveCfg = Debug|Any CPU
		{72302E27-76EF-45EA-A449-E0D36FE1B257}.Debug|Any CPU.Build.0 = Debug|Any CPU
		{72302E27-76EF-45EA-A449-E0D36FE1B257}.Release|Any CPU.ActiveCfg = Release|Any CPU
		{72302E27-76EF-45EA-A449-E0D36FE1B257}.Release|Any CPU.Build.0 = Release|Any CPU
		{D3A890D0-0B90-4E67-A075-215FAAFDA9A5}.Debug|Any CPU.ActiveCfg = Debug|Any CPU
		{D3A890D0-0B90-4E67-A075-215FAAFDA9A5}.Debug|Any CPU.Build.0 = Debug|Any CPU
		{D3A890D0-0B90-4E67-A075-215FAAFDA9A5}.Release|Any CPU.ActiveCfg = Release|Any CPU
		{D3A890D0-0B90-4E67-A075-215FAAFDA9A5}.Release|Any CPU.Build.0 = Release|Any CPU
		{064CC2B7-27BD-49EF-8D4D-E267D6672FF6}.Debug|Any CPU.ActiveCfg = Debug|Any CPU
		{064CC2B7-27BD-49EF-8D4D-E267D6672FF6}.Debug|Any CPU.Build.0 = Debug|Any CPU
		{064CC2B7-27BD-49EF-8D4D-E267D6672FF6}.Release|Any CPU.ActiveCfg = Release|Any CPU
		{064CC2B7-27BD-49EF-8D4D-E267D6672FF6}.Release|Any CPU.Build.0 = Release|Any CPU
	EndGlobalSection
	GlobalSection(SolutionProperties) = preSolution
		HideSolutionNode = FALSE
	EndGlobalSection
	GlobalSection(ExtensibilityGlobals) = postSolution
		SolutionGuid = {18C26B8D-183A-4ED8-BB45-4AE24D14C6F5}
	EndGlobalSection
EndGlobal
